# @generated by Move, please check-in and do not edit manually.

[move]
version = 3
manifest_digest = "CF3C90396E48993781D73D87D33397FA2B5F7741B623AC77E476BF5F1A2BE4AA"
deps_digest = "3C4103934B1E040BB6B23F1D610B4EF9F2F1166A50A104EADCF77467C004C600"
dependencies = [
  { id = "Codec", name = "Codec" },
  { id = "Sui", name = "Sui" },
]

[[move.package]]
id = "Codec"
source = { git = "https://github.com/sui-potatoes/app.git", rev = "main", subdir = "packages/codec" }

dependencies = [
  { id = "Sui", name = "Sui" },
]

[[move.package]]
id = "MoveStdlib"
source = { git = "https://github.com/MystenLabs/sui.git", rev = "framework/mainnet", subdir = "crates/sui-framework/packages/move-stdlib" }

[[move.package]]
id = "Sui"
source = { git = "https://github.com/MystenLabs/sui.git", rev = "framework/mainnet", subdir = "crates/sui-framework/packages/sui-framework" }

dependencies = [
  { id = "MoveStdlib", name = "MoveStdlib" },
]

[move.toolchain-version]
compiler-version = "1.38.1"
edition = "2024.beta"
flavor = "sui"

[env]

[env.mirainet]
chain-id = "2f6d669f"
original-published-id = "0x3e5a1ccf9d6d001f083a138d1d365c36008bfe6f7af4c8ca15b46cf141b2639a"
latest-published-id = "0x3e5a1ccf9d6d001f083a138d1d365c36008bfe6f7af4c8ca15b46cf141b2639a"
published-version = "1"

[env.sm-mainnet]
chain-id = "35834a8a"
original-published-id = "0x288dd35bbab9c9288f52efb492023e8566b88621583f95aa1d72d6ae6dbd9a70"
latest-published-id = "0x288dd35bbab9c9288f52efb492023e8566b88621583f95aa1d72d6ae6dbd9a70"
published-version = "1"
